NeoBundleLock ctrlp.vim 46a2986994e9550c198bc106e07a2a56c376696c
NeoBundleLock nerdtree 4428aba2a299cbd117c80e7d18068b2cbb222fff
NeoBundleLock syntastic f527cb1a2d768cb48464048724172160c72f6a51
NeoBundleLock vim-airline ea98b42a0d7ee7888bcdbb5235b1a704526db1cf
NeoBundleLock vim-colorschemes b8dff40f69f1873effbed97c759a8452ecb240ed
